
Microsoft Visual Studio Solution File, Format Version 12.00
# Visual Studio Version 17
VisualStudioVersion = 17.6.33829.357
MinimumVisualStudioVersion = 10.0.40219.1
Project("{FAE04EC0-301F-11D3-BF4B-00C04F79EFBC}") = "HelpStudent", "HelpStudent\HelpStudent.csproj", "{880A5782-8972-4118-AA09-F0D434617FA3}"
EndProject
Global
	GlobalSection(SolutionConfigurationPlatforms) = preSolution
		Debug|Any CPU = Debug|Any CPU
		Release|Any CPU = Release|Any CPU
	EndGlobalSection
	GlobalSection(ProjectConfigurationPlatforms) = postSolution
		{880A5782-8972-4118-AA09-F0D434617FA3}.Debug|Any CPU.ActiveCfg = Debug|Any CPU
		{880A5782-8972-4118-AA09-F0D434617FA3}.Debug|Any CPU.Build.0 = Debug|Any CPU
		{880A5782-8972-4118-AA09-F0D434617FA3}.Release|Any CPU.ActiveCfg = Release|Any CPU
		{880A5782-8972-4118-AA09-F0D434617FA3}.Release|Any CPU.Build.0 = Release|Any CPU
	EndGlobalSection
	GlobalSection(SolutionProperties) = preSolution
		HideSolutionNode = FALSE
	EndGlobalSection
	GlobalSection(ExtensibilityGlobals) = postSolution
		SolutionGuid = {AD4802D4-BF37-46C5-8754-01A89E97B2E7}
	EndGlobalSection
EndGlobal
